
Microsoft Visual Studio Solution File, Format Version 12.00
# Visual Studio Version 16
VisualStudioVersion = 16.0.29911.84
MinimumVisualStudioVersion = 10.0.40219.1
Project("{FAE04EC0-301F-11D3-BF4B-00C04F79EFBC}") = "Testowy", "Testowy\Testowy.csproj", "{04E9BC14-483E-4CF1-BB6E-919A7FF97F64}"
EndProject
Global
	GlobalSection(SolutionConfigurationPlatforms) = preSolution
		Debug|Any CPU = Debug|Any CPU
		Release|Any CPU = Release|Any CPU
	EndGlobalSection
	GlobalSection(ProjectConfigurationPlatforms) = postSolution
		{04E9BC14-483E-4CF1-BB6E-919A7FF97F64}.Debug|Any CPU.ActiveCfg = Debug|Any CPU
		{04E9BC14-483E-4CF1-BB6E-919A7FF97F64}.Debug|Any CPU.Build.0 = Debug|Any CPU
		{04E9BC14-483E-4CF1-BB6E-919A7FF97F64}.Release|Any CPU.ActiveCfg = Release|Any CPU
		{04E9BC14-483E-4CF1-BB6E-919A7FF97F64}.Release|Any CPU.Build.0 = Release|Any CPU
	EndGlobalSection
	GlobalSection(SolutionProperties) = preSolution
		HideSolutionNode = FALSE
	EndGlobalSection
	GlobalSection(ExtensibilityGlobals) = postSolution
		SolutionGuid = {C9F944B3-F4AD-4E69-BE39-3C37E556466A}
	EndGlobalSection
EndGlobal
